
Microsoft Visual Studio Solution File, Format Version 12.00
# Visual Studio Version 17
VisualStudioVersion = 17.6.33815.320
MinimumVisualStudioVersion = 10.0.40219.1
Project("{9A19103F-16F7-4668-BE54-9A1E7A4F7556}") = "CryptoTradingSystem.BackTester", "CryptoTradingSystem.BackTester\CryptoTradingSystem.BackTester.csproj", "{23D0F562-E993-4263-8D76-13F4126CEB1B}"
EndProject
Project("{FAE04EC0-301F-11D3-BF4B-00C04F79EFBC}") = "CryptoTradingSystem.Backtester.Tests", "CryptoTradingSystem.Backtester.Tests\CryptoTradingSystem.Backtester.Tests.csproj", "{E0D99B9E-5C5D-47D5-90BF-12E475FFEFBB}"
EndProject
Global
	GlobalSection(SolutionConfigurationPlatforms) = preSolution
		Debug|Any CPU = Debug|Any CPU
		Release|Any CPU = Release|Any CPU
	EndGlobalSection
	GlobalSection(ProjectConfigurationPlatforms) = postSolution
		{23D0F562-E993-4263-8D76-13F4126CEB1B}.Debug|Any CPU.ActiveCfg = Debug|Any CPU
		{23D0F562-E993-4263-8D76-13F4126CEB1B}.Debug|Any CPU.Build.0 = Debug|Any CPU
		{23D0F562-E993-4263-8D76-13F4126CEB1B}.Release|Any CPU.ActiveCfg = Release|Any CPU
		{23D0F562-E993-4263-8D76-13F4126CEB1B}.Release|Any CPU.Build.0 = Release|Any CPU
		{E0D99B9E-5C5D-47D5-90BF-12E475FFEFBB}.Debug|Any CPU.ActiveCfg = Debug|Any CPU
		{E0D99B9E-5C5D-47D5-90BF-12E475FFEFBB}.Debug|Any CPU.Build.0 = Debug|Any CPU
		{E0D99B9E-5C5D-47D5-90BF-12E475FFEFBB}.Release|Any CPU.ActiveCfg = Release|Any CPU
		{E0D99B9E-5C5D-47D5-90BF-12E475FFEFBB}.Release|Any CPU.Build.0 = Release|Any CPU
	EndGlobalSection
	GlobalSection(SolutionProperties) = preSolution
		HideSolutionNode = FALSE
	EndGlobalSection
	GlobalSection(ExtensibilityGlobals) = postSolution
		SolutionGuid = {3A2C68A9-564C-45DF-A38E-7CAC38718525}
	EndGlobalSection
EndGlobal
